
Microsoft Visual Studio Solution File, Format Version 12.00
# Visual Studio Version 16
VisualStudioVersion = 16.0.30406.217
MinimumVisualStudioVersion = 10.0.40219.1
Project("{FAE04EC0-301F-11D3-BF4B-00C04F79EFBC}") = "StreamerUpdate", "StreamerUpdate\StreamerUpdate.csproj", "{EFFD3140-543F-4C84-B89F-9DCCD8E1CE6F}"
EndProject
Global
	GlobalSection(SolutionConfigurationPlatforms) = preSolution
		Debug|Any CPU = Debug|Any CPU
		Release|Any CPU = Release|Any CPU
	EndGlobalSection
	GlobalSection(ProjectConfigurationPlatforms) = postSolution
		{EFFD3140-543F-4C84-B89F-9DCCD8E1CE6F}.Debug|Any CPU.ActiveCfg = Debug|Any CPU
		{EFFD3140-543F-4C84-B89F-9DCCD8E1CE6F}.Debug|Any CPU.Build.0 = Debug|Any CPU
		{EFFD3140-543F-4C84-B89F-9DCCD8E1CE6F}.Release|Any CPU.ActiveCfg = Release|Any CPU
		{EFFD3140-543F-4C84-B89F-9DCCD8E1CE6F}.Release|Any CPU.Build.0 = Release|Any CPU
	EndGlobalSection
	GlobalSection(SolutionProperties) = preSolution
		HideSolutionNode = FALSE
	EndGlobalSection
	GlobalSection(ExtensibilityGlobals) = postSolution
		SolutionGuid = {64ABCB61-A60B-44C2-BD82-AE1B741DF47D}
	EndGlobalSection
EndGlobal
